
Microsoft Visual Studio Solution File, Format Version 12.00
# Visual Studio 14
VisualStudioVersion = 14.0.25420.1
MinimumVisualStudioVersion = 10.0.40219.1
Project("{2150E333-8FDC-42A3-9474-1A3956D46DE8}") = "src", "src", "{CD56A2A3-D3C4-4344-8E3D-804BA4E80BA7}"
EndProject
Project("{2150E333-8FDC-42A3-9474-1A3956D46DE8}") = "Solution Items", "Solution Items", "{1A8FE1D3-E888-4991-A430-8E131AA7A467}"
	ProjectSection(SolutionItems) = preProject
		global.json = global.json
	EndProjectSection
EndProject
Project("{8BB2217D-0F2D-49D1-97BC-3654ED321F3B}") = "Web", "src\Web\Web.xproj", "{0671E984-D389-4E83-9457-1C9AD81251C5}"
EndProject
Global
	GlobalSection(SolutionConfigurationPlatforms) = preSolution
		Debug|Any CPU = Debug|Any CPU
		Release|Any CPU = Release|Any CPU
	EndGlobalSection
	GlobalSection(ProjectConfigurationPlatforms) = postSolution
		{0671E984-D389-4E83-9457-1C9AD81251C5}.Debug|Any CPU.ActiveCfg = Debug|Any CPU
		{0671E984-D389-4E83-9457-1C9AD81251C5}.Debug|Any CPU.Build.0 = Debug|Any CPU
		{0671E984-D389-4E83-9457-1C9AD81251C5}.Release|Any CPU.ActiveCfg = Release|Any CPU
		{0671E984-D389-4E83-9457-1C9AD81251C5}.Release|Any CPU.Build.0 = Release|Any CPU
	EndGlobalSection
	GlobalSection(SolutionProperties) = preSolution
		HideSolutionNode = FALSE
	EndGlobalSection
	GlobalSection(NestedProjects) = preSolution
		{0671E984-D389-4E83-9457-1C9AD81251C5} = {CD56A2A3-D3C4-4344-8E3D-804BA4E80BA7}
	EndGlobalSection
EndGlobal
