
Microsoft Visual Studio Solution File, Format Version 12.00
# Visual Studio 15
VisualStudioVersion = 15.0.26403.0
MinimumVisualStudioVersion = 10.0.40219.1
Project("{2150E333-8FDC-42A3-9474-1A3956D46DE8}") = "src", "src", "{CD56A2A3-D3C4-4344-8E3D-804BA4E80BA7}"
EndProject
Project("{2150E333-8FDC-42A3-9474-1A3956D46DE8}") = "Solution Items", "Solution Items", "{1A8FE1D3-E888-4991-A430-8E131AA7A467}"
EndProject
Project("{9A19103F-16F7-4668-BE54-9A1E7A4F7556}") = "Web", "src\Web\Web.csproj", "{0671E984-D389-4E83-9457-1C9AD81251C5}"
EndProject
Project("{FAE04EC0-301F-11D3-BF4B-00C04F79EFBC}") = "Robot.AppStore.iTunes", "src\Robot.AppStore.iTunes\Robot.AppStore.iTunes.csproj", "{EA0C87ED-4A41-4B6D-8A42-3C9812B7EFC6}"
EndProject
Project("{FAE04EC0-301F-11D3-BF4B-00C04F79EFBC}") = "Domain", "src\Domain\Domain.csproj", "{EC176983-111E-4D89-9BB6-3990314956F3}"
EndProject
Project("{FAE04EC0-301F-11D3-BF4B-00C04F79EFBC}") = "Robot.GooglePlay", "Robot.GooglePlay\Robot.GooglePlay.csproj", "{ACAE3802-624F-492F-8EAA-89E4DA4EE611}"
EndProject
Project("{FAE04EC0-301F-11D3-BF4B-00C04F79EFBC}") = "Test", "Test\Test.csproj", "{E85DDCAD-04A6-48AE-BE83-5F16E2A78D20}"
EndProject
Global
	GlobalSection(SolutionConfigurationPlatforms) = preSolution
		Debug|Any CPU = Debug|Any CPU
		Release|Any CPU = Release|Any CPU
	EndGlobalSection
	GlobalSection(ProjectConfigurationPlatforms) = postSolution
		{0671E984-D389-4E83-9457-1C9AD81251C5}.Debug|Any CPU.ActiveCfg = Debug|Any CPU
		{0671E984-D389-4E83-9457-1C9AD81251C5}.Debug|Any CPU.Build.0 = Debug|Any CPU
		{0671E984-D389-4E83-9457-1C9AD81251C5}.Release|Any CPU.ActiveCfg = Release|Any CPU
		{0671E984-D389-4E83-9457-1C9AD81251C5}.Release|Any CPU.Build.0 = Release|Any CPU
		{EA0C87ED-4A41-4B6D-8A42-3C9812B7EFC6}.Debug|Any CPU.ActiveCfg = Debug|Any CPU
		{EA0C87ED-4A41-4B6D-8A42-3C9812B7EFC6}.Debug|Any CPU.Build.0 = Debug|Any CPU
		{EA0C87ED-4A41-4B6D-8A42-3C9812B7EFC6}.Release|Any CPU.ActiveCfg = Release|Any CPU
		{EA0C87ED-4A41-4B6D-8A42-3C9812B7EFC6}.Release|Any CPU.Build.0 = Release|Any CPU
		{EC176983-111E-4D89-9BB6-3990314956F3}.Debug|Any CPU.ActiveCfg = Debug|Any CPU
		{EC176983-111E-4D89-9BB6-3990314956F3}.Debug|Any CPU.Build.0 = Debug|Any CPU
		{EC176983-111E-4D89-9BB6-3990314956F3}.Release|Any CPU.ActiveCfg = Release|Any CPU
		{EC176983-111E-4D89-9BB6-3990314956F3}.Release|Any CPU.Build.0 = Release|Any CPU
		{ACAE3802-624F-492F-8EAA-89E4DA4EE611}.Debug|Any CPU.ActiveCfg = Debug|Any CPU
		{ACAE3802-624F-492F-8EAA-89E4DA4EE611}.Debug|Any CPU.Build.0 = Debug|Any CPU
		{ACAE3802-624F-492F-8EAA-89E4DA4EE611}.Release|Any CPU.ActiveCfg = Release|Any CPU
		{ACAE3802-624F-492F-8EAA-89E4DA4EE611}.Release|Any CPU.Build.0 = Release|Any CPU
		{E85DDCAD-04A6-48AE-BE83-5F16E2A78D20}.Debug|Any CPU.ActiveCfg = Debug|Any CPU
		{E85DDCAD-04A6-48AE-BE83-5F16E2A78D20}.Debug|Any CPU.Build.0 = Debug|Any CPU
		{E85DDCAD-04A6-48AE-BE83-5F16E2A78D20}.Release|Any CPU.ActiveCfg = Release|Any CPU
		{E85DDCAD-04A6-48AE-BE83-5F16E2A78D20}.Release|Any CPU.Build.0 = Release|Any CPU
	EndGlobalSection
	GlobalSection(SolutionProperties) = preSolution
		HideSolutionNode = FALSE
	EndGlobalSection
	GlobalSection(NestedProjects) = preSolution
		{0671E984-D389-4E83-9457-1C9AD81251C5} = {CD56A2A3-D3C4-4344-8E3D-804BA4E80BA7}
		{EA0C87ED-4A41-4B6D-8A42-3C9812B7EFC6} = {CD56A2A3-D3C4-4344-8E3D-804BA4E80BA7}
		{EC176983-111E-4D89-9BB6-3990314956F3} = {CD56A2A3-D3C4-4344-8E3D-804BA4E80BA7}
		{E85DDCAD-04A6-48AE-BE83-5F16E2A78D20} = {CD56A2A3-D3C4-4344-8E3D-804BA4E80BA7}
	EndGlobalSection
EndGlobal
